
Microsoft Visual Studio Solution File, Format Version 12.00
# Visual Studio Version 17
VisualStudioVersion = 17.14.37012.4 d17.14
MinimumVisualStudioVersion = 10.0.40219.1
Project("{FAE04EC0-301F-11D3-BF4B-00C04F79EFBC}") = "Nuolia_kaupan", "Nuolia_kaupan\Nuolia_kaupan.csproj", "{F685D93F-C412-4EBA-AAD0-8C9F696CED2D}"
EndProject
Global
	GlobalSection(SolutionConfigurationPlatforms) = preSolution
		Debug|Any CPU = Debug|Any CPU
		Release|Any CPU = Release|Any CPU
	EndGlobalSection
	GlobalSection(ProjectConfigurationPlatforms) = postSolution
		{F685D93F-C412-4EBA-AAD0-8C9F696CED2D}.Debug|Any CPU.ActiveCfg = Debug|Any CPU
		{F685D93F-C412-4EBA-AAD0-8C9F696CED2D}.Debug|Any CPU.Build.0 = Debug|Any CPU
		{F685D93F-C412-4EBA-AAD0-8C9F696CED2D}.Release|Any CPU.ActiveCfg = Release|Any CPU
		{F685D93F-C412-4EBA-AAD0-8C9F696CED2D}.Release|Any CPU.Build.0 = Release|Any CPU
	EndGlobalSection
	GlobalSection(SolutionProperties) = preSolution
		HideSolutionNode = FALSE
	EndGlobalSection
	GlobalSection(ExtensibilityGlobals) = postSolution
		SolutionGuid = {A7E50FD0-CD3B-4661-A429-7197F2B73A01}
	EndGlobalSection
EndGlobal
